
Microsoft Visual Studio Solution File, Format Version 12.00
# Visual Studio Version 17
VisualStudioVersion = 17.7.34221.43
MinimumVisualStudioVersion = 10.0.40219.1
Project("{FAE04EC0-301F-11D3-BF4B-00C04F79EFBC}") = "ProductInventoryDbConnect", "ProductInventoryDbConnect\ProductInventoryDbConnect.csproj", "{59FE2705-9946-4435-A6C3-B3E17EC9C623}"
EndProject
Global
	GlobalSection(SolutionConfigurationPlatforms) = preSolution
		Debug|Any CPU = Debug|Any CPU
		Release|Any CPU = Release|Any CPU
	EndGlobalSection
	GlobalSection(ProjectConfigurationPlatforms) = postSolution
		{59FE2705-9946-4435-A6C3-B3E17EC9C623}.Debug|Any CPU.ActiveCfg = Debug|Any CPU
		{59FE2705-9946-4435-A6C3-B3E17EC9C623}.Debug|Any CPU.Build.0 = Debug|Any CPU
		{59FE2705-9946-4435-A6C3-B3E17EC9C623}.Release|Any CPU.ActiveCfg = Release|Any CPU
		{59FE2705-9946-4435-A6C3-B3E17EC9C623}.Release|Any CPU.Build.0 = Release|Any CPU
	EndGlobalSection
	GlobalSection(SolutionProperties) = preSolution
		HideSolutionNode = FALSE
	EndGlobalSection
	GlobalSection(ExtensibilityGlobals) = postSolution
		SolutionGuid = {5A4C8517-F46A-4D36-A08C-84144505A981}
	EndGlobalSection
EndGlobal
